
Microsoft Visual Studio Solution File, Format Version 11.00
# Visual C# Express 2010
Project("{FAE04EC0-301F-11D3-BF4B-00C04F79EFBC}") = "Koneko.DynamicEntity", "Koneko.DynamicEntity\Koneko.DynamicEntity.csproj", "{0C975F23-7847-4F79-9288-23241CF0BA6F}"
EndProject
Project("{FAE04EC0-301F-11D3-BF4B-00C04F79EFBC}") = "Koneko.Tests", "Koneko.Tests\Koneko.Tests.csproj", "{DDE6FAF2-631D-4C2E-95AB-62171F48A6A2}"
EndProject
Project("{FAE04EC0-301F-11D3-BF4B-00C04F79EFBC}") = "Koneko.DynamicEntity.MongoDB", "Koneko.DynamicEntity.MongoDB\Koneko.DynamicEntity.MongoDB.csproj", "{130B8D97-5B7C-47AB-8F25-0D33BBA2B759}"
EndProject
Project("{FAE04EC0-301F-11D3-BF4B-00C04F79EFBC}") = "Koneko.P2P.Chord", "Koneko.P2P.Chord\Koneko.P2P.Chord.csproj", "{4D7C01B4-440B-4896-A192-C7F0E7F363D4}"
EndProject
Project("{FAE04EC0-301F-11D3-BF4B-00C04F79EFBC}") = "Koneko.P2P.Chord.ConsoleApp", "Koneko.P2P.Chord.ConsoleApp\Koneko.P2P.Chord.ConsoleApp.csproj", "{8AA9548E-B9E0-4835-A859-6B3B73E9210C}"
EndProject
Global
	GlobalSection(SolutionConfigurationPlatforms) = preSolution
		Debug|Any CPU = Debug|Any CPU
		Release|Any CPU = Release|Any CPU
	EndGlobalSection
	GlobalSection(ProjectConfigurationPlatforms) = postSolution
		{0C975F23-7847-4F79-9288-23241CF0BA6F}.Debug|Any CPU.ActiveCfg = Debug|Any CPU
		{0C975F23-7847-4F79-9288-23241CF0BA6F}.Debug|Any CPU.Build.0 = Debug|Any CPU
		{0C975F23-7847-4F79-9288-23241CF0BA6F}.Release|Any CPU.ActiveCfg = Release|Any CPU
		{0C975F23-7847-4F79-9288-23241CF0BA6F}.Release|Any CPU.Build.0 = Release|Any CPU
		{DDE6FAF2-631D-4C2E-95AB-62171F48A6A2}.Debug|Any CPU.ActiveCfg = Debug|Any CPU
		{DDE6FAF2-631D-4C2E-95AB-62171F48A6A2}.Debug|Any CPU.Build.0 = Debug|Any CPU
		{DDE6FAF2-631D-4C2E-95AB-62171F48A6A2}.Release|Any CPU.ActiveCfg = Release|Any CPU
		{DDE6FAF2-631D-4C2E-95AB-62171F48A6A2}.Release|Any CPU.Build.0 = Release|Any CPU
		{130B8D97-5B7C-47AB-8F25-0D33BBA2B759}.Debug|Any CPU.ActiveCfg = Debug|Any CPU
		{130B8D97-5B7C-47AB-8F25-0D33BBA2B759}.Debug|Any CPU.Build.0 = Debug|Any CPU
		{130B8D97-5B7C-47AB-8F25-0D33BBA2B759}.Release|Any CPU.ActiveCfg = Release|Any CPU
		{130B8D97-5B7C-47AB-8F25-0D33BBA2B759}.Release|Any CPU.Build.0 = Release|Any CPU
		{4D7C01B4-440B-4896-A192-C7F0E7F363D4}.Debug|Any CPU.ActiveCfg = Debug|Any CPU
		{4D7C01B4-440B-4896-A192-C7F0E7F363D4}.Debug|Any CPU.Build.0 = Debug|Any CPU
		{4D7C01B4-440B-4896-A192-C7F0E7F363D4}.Release|Any CPU.ActiveCfg = Release|Any CPU
		{4D7C01B4-440B-4896-A192-C7F0E7F363D4}.Release|Any CPU.Build.0 = Release|Any CPU
		{8AA9548E-B9E0-4835-A859-6B3B73E9210C}.Debug|Any CPU.ActiveCfg = Debug|Any CPU
		{8AA9548E-B9E0-4835-A859-6B3B73E9210C}.Debug|Any CPU.Build.0 = Debug|Any CPU
		{8AA9548E-B9E0-4835-A859-6B3B73E9210C}.Release|Any CPU.ActiveCfg = Release|Any CPU
		{8AA9548E-B9E0-4835-A859-6B3B73E9210C}.Release|Any CPU.Build.0 = Release|Any CPU
	EndGlobalSection
	GlobalSection(SolutionProperties) = preSolution
		HideSolutionNode = FALSE
	EndGlobalSection
EndGlobal
